
Microsoft Visual Studio Solution File, Format Version 12.00
# Visual Studio Version 17
VisualStudioVersion = 17.7.34202.233
MinimumVisualStudioVersion = 10.0.40219.1
Project("{9A19103F-16F7-4668-BE54-9A1E7A4F7556}") = "Teszt2", "Teszt2.csproj", "{CBF94F3C-83F1-4868-BCC7-EFDC5F663B18}"
EndProject
Project("{FAE04EC0-301F-11D3-BF4B-00C04F79EFBC}") = "Teszt2.Tests.NUnit", "Teszt2.Tests.NUnit\Teszt2.Tests.NUnit.csproj", "{29DDFAA2-8C18-41C9-B8AE-3F42FF9BBAA2}"
EndProject
Project("{FAE04EC0-301F-11D3-BF4B-00C04F79EFBC}") = "Teszt2.Tests.MSTest", "Teszt2.Tests.MSTest\Teszt2.Tests.MSTest.csproj", "{8BD5FFE9-5D6D-4E29-9F1F-23C63C3483B2}"
EndProject
Global
	GlobalSection(SolutionConfigurationPlatforms) = preSolution
		Debug|Any CPU = Debug|Any CPU
		Release|Any CPU = Release|Any CPU
	EndGlobalSection
	GlobalSection(ProjectConfigurationPlatforms) = postSolution
		{CBF94F3C-83F1-4868-BCC7-EFDC5F663B18}.Debug|Any CPU.ActiveCfg = Debug|Any CPU
		{CBF94F3C-83F1-4868-BCC7-EFDC5F663B18}.Debug|Any CPU.Build.0 = Debug|Any CPU
		{CBF94F3C-83F1-4868-BCC7-EFDC5F663B18}.Release|Any CPU.ActiveCfg = Release|Any CPU
		{CBF94F3C-83F1-4868-BCC7-EFDC5F663B18}.Release|Any CPU.Build.0 = Release|Any CPU
		{29DDFAA2-8C18-41C9-B8AE-3F42FF9BBAA2}.Debug|Any CPU.ActiveCfg = Debug|Any CPU
		{29DDFAA2-8C18-41C9-B8AE-3F42FF9BBAA2}.Debug|Any CPU.Build.0 = Debug|Any CPU
		{29DDFAA2-8C18-41C9-B8AE-3F42FF9BBAA2}.Release|Any CPU.ActiveCfg = Release|Any CPU
		{29DDFAA2-8C18-41C9-B8AE-3F42FF9BBAA2}.Release|Any CPU.Build.0 = Release|Any CPU
		{8BD5FFE9-5D6D-4E29-9F1F-23C63C3483B2}.Debug|Any CPU.ActiveCfg = Debug|Any CPU
		{8BD5FFE9-5D6D-4E29-9F1F-23C63C3483B2}.Debug|Any CPU.Build.0 = Debug|Any CPU
		{8BD5FFE9-5D6D-4E29-9F1F-23C63C3483B2}.Release|Any CPU.ActiveCfg = Release|Any CPU
		{8BD5FFE9-5D6D-4E29-9F1F-23C63C3483B2}.Release|Any CPU.Build.0 = Release|Any CPU
	EndGlobalSection
	GlobalSection(SolutionProperties) = preSolution
		HideSolutionNode = FALSE
	EndGlobalSection
	GlobalSection(ExtensibilityGlobals) = postSolution
		SolutionGuid = {83317433-2A6D-4D89-8CFD-29365B04F4AD}
	EndGlobalSection
EndGlobal
